
Microsoft Visual Studio Solution File, Format Version 12.00
# Visual Studio Version 17
VisualStudioVersion = 17.4.33213.308
MinimumVisualStudioVersion = 10.0.40219.1
Project("{FAE04EC0-301F-11D3-BF4B-00C04F79EFBC}") = "GameHub", "GameHub\GameHub.csproj", "{AE7F77FD-641B-4EFC-A948-B0C314C118DF}"
EndProject
Global
	GlobalSection(SolutionConfigurationPlatforms) = preSolution
		Debug|Any CPU = Debug|Any CPU
		Release|Any CPU = Release|Any CPU
	EndGlobalSection
	GlobalSection(ProjectConfigurationPlatforms) = postSolution
		{AE7F77FD-641B-4EFC-A948-B0C314C118DF}.Debug|Any CPU.ActiveCfg = Debug|Any CPU
		{AE7F77FD-641B-4EFC-A948-B0C314C118DF}.Debug|Any CPU.Build.0 = Debug|Any CPU
		{AE7F77FD-641B-4EFC-A948-B0C314C118DF}.Release|Any CPU.ActiveCfg = Release|Any CPU
		{AE7F77FD-641B-4EFC-A948-B0C314C118DF}.Release|Any CPU.Build.0 = Release|Any CPU
	EndGlobalSection
	GlobalSection(SolutionProperties) = preSolution
		HideSolutionNode = FALSE
	EndGlobalSection
	GlobalSection(ExtensibilityGlobals) = postSolution
		SolutionGuid = {27ED9ACE-6FE6-4070-A7B8-1D50F39945CE}
	EndGlobalSection
EndGlobal
